// !$*UTF8*$!
{
	archiveVersion = 1;
	classes = {
	};
	objectVersion = 46;
	objects = {

/* Begin PBXBuildFile section */
		2702BA0C1DE15E3C00F307B0 /* AppDelegate.swift in Sources */ = {isa = PBXBuildFile; fileRef = 2702BA0B1DE15E3C00F307B0 /* AppDelegate.swift */; };
		2702BA0E1DE15E3C00F307B0 /* ViewController.swift in Sources */ = {isa = PBXBuildFile; fileRef = 2702BA0D1DE15E3C00F307B0 /* ViewController.swift */; };
		2702BA111DE15E3C00F307B0 /* Main.storyboard in Resources */ = {isa = PBXBuildFile; fileRef = 2702BA0F1DE15E3C00F307B0 /* Main.storyboard */; };
		2702BA131DE15E3C00F307B0 /* Assets.xcassets in Resources */ = {isa = PBXBuildFile; fileRef = 2702BA121DE15E3C00F307B0 /* Assets.xcassets */; };
		2702BA161DE15E3C00F307B0 /* LaunchScreen.storyboard in Resources */ = {isa = PBXBuildFile; fileRef = 2702BA141DE15E3C00F307B0 /* LaunchScreen.storyboard */; };
		2702BA1E1DE1607000F307B0 /* TwoViewController.swift in Sources */ = {isa = PBXBuildFile; fileRef = 2702BA1D1DE1607000F307B0 /* TwoViewController.swift */; };
		2702BA201DE16E4800F307B0 /* NavigationControllerExtension.swift in Sources */ = {isa = PBXBuildFile; fileRef = 2702BA1F1DE16E4800F307B0 /* NavigationControllerExtension.swift */; };
		2702BA221DE1712F00F307B0 /* ThreeViewController.swift in Sources */ = {isa = PBXBuildFile; fileRef = 2702BA211DE1712F00F307B0 /* ThreeViewController.swift */; };
		2702BA241DE17F5900F307B0 /* FourViewController.swift in Sources */ = {isa = PBXBuildFile; fileRef = 2702BA231DE17F5900F307B0 /* FourViewController.swift */; };
/* End PBXBuildFile section */

/* Begin PBXFileReference section */
		2702BA081DE15E3C00F307B0 /* ShouldPopTest.app */ = {isa = PBXFileReference; explicitFileType = wrapper.application; includeInIndex = 0; path = ShouldPopTest.app; sourceTree = BUILT_PRODUCTS_DIR; };
		2702BA0B1DE15E3C00F307B0 /* AppDelegate.swift */ = {isa = PBXFileReference; lastKnownFileType = sourcecode.swift; path = AppDelegate.swift; sourceTree = "<group>"; };
		2702BA0D1DE15E3C00F307B0 /* ViewController.swift */ = {isa = PBXFileReference; lastKnownFileType = sourcecode.swift; path = ViewController.swift; sourceTree = "<group>"; };
		2702BA101DE15E3C00F307B0 /* Base */ = {isa = PBXFileReference; lastKnownFileType = file.storyboard; name = Base; path = Base.lproj/Main.storyboard; sourceTree = "<group>"; };
		2702BA121DE15E3C00F307B0 /* Assets.xcassets */ = {isa = PBXFileReference; lastKnownFileType = folder.assetcatalog; path = Assets.xcassets; sourceTree = "<group>"; };
		2702BA151DE15E3C00F307B0 /* Base */ = {isa = PBXFileReference; lastKnownFileType = file.storyboard; name = Base; path = Base.lproj/LaunchScreen.storyboard; sourceTree = "<group>"; };
		2702BA171DE15E3C00F307B0 /* Info.plist */ = {isa = PBXFileReference; lastKnownFileType = text.plist.xml; path = Info.plist; sourceTree = "<group>"; };
		2702BA1D1DE1607000F307B0 /* TwoViewController.swift */ = {isa = PBXFileReference; fileEncoding = 4; lastKnownFileType = sourcecode.swift; path = TwoViewController.swift; sourceTree = "<group>"; };
		2702BA1F1DE16E4800F307B0 /* NavigationControllerExtension.swift */ = {isa = PBXFileReference; fileEncoding = 4; lastKnownFileType = sourcecode.swift; path = NavigationControllerExtension.swift; sourceTree = "<group>"; };
		2702BA211DE1712F00F307B0 /* ThreeViewController.swift */ = {isa = PBXFileReference; fileEncoding = 4; lastKnownFileType = sourcecode.swift; path = ThreeViewController.swift; sourceTree = "<group>"; };
		2702BA231DE17F5900F307B0 /* FourViewController.swift */ = {isa = PBXFileReference; fileEncoding = 4; lastKnownFileType = sourcecode.swift; path = FourViewController.swift; sourceTree = "<group>"; };
/* End PBXFileReference section */

/* Begin PBXFrameworksBuildPhase section */
		2702BA051DE15E3C00F307B0 /* Frameworks */ = {
			isa = PBXFrameworksBuildPhase;
			buildActionMask = 2147483647;
			files = (
			);
			runOnlyForDeploymentPostprocessing = 0;
		};
/* End PBXFrameworksBuildPhase section */

/* Begin PBXGroup section */
		2702B9FF1DE15E3C00F307B0 = {
			isa = PBXGroup;
			children = (
				2702BA0A1DE15E3C00F307B0 /* ShouldPopTest */,
				2702BA091DE15E3C00F307B0 /* Products */,
			);
			sourceTree = "<group>";
		};
		2702BA091DE15E3C00F307B0 /* Products */ = {
			isa = PBXGroup;
			children = (
				2702BA081DE15E3C00F307B0 /* ShouldPopTest.app */,
			);
			name = Products;
			sourceTree = "<group>";
		};
		2702BA0A1DE15E3C00F307B0 /* ShouldPopTest */ = {
			isa = PBXGroup;
			children = (
				2702BA0B1DE15E3C00F307B0 /* AppDelegate.swift */,
				2702BA0D1DE15E3C00F307B0 /* ViewController.swift */,
				2702BA1F1DE16E4800F307B0 /* NavigationControllerExtension.swift */,
				2702BA1D1DE1607000F307B0 /* TwoViewController.swift */,
				2702BA211DE1712F00F307B0 /* ThreeViewController.swift */,
				2702BA231DE17F5900F307B0 /* FourViewController.swift */,
				2702BA0F1DE15E3C00F307B0 /* Main.storyboard */,
				2702BA121DE15E3C00F307B0 /* Assets.xcassets */,
				2702BA141DE15E3C00F307B0 /* LaunchScreen.storyboard */,
				2702BA171DE15E3C00F307B0 /* Info.plist */,
			);
			path = ShouldPopTest;
			sourceTree = "<group>";
		};
/* End PBXGroup section */

/* Begin PBXNativeTarget section */
		2702BA071DE15E3C00F307B0 /* ShouldPopTest */ = {
			isa = PBXNativeTarget;
			buildConfigurationList = 2702BA1A1DE15E3C00F307B0 /* Build configuration list for PBXNativeTarget "ShouldPopTest" */;
			buildPhases = (
				2702BA041DE15E3C00F307B0 /* Sources */,
				2702BA051DE15E3C00F307B0 /* Frameworks */,
				2702BA061DE15E3C00F307B0 /* Resources */,
			);
			buildRules = (
			);
			dependencies = (
			);
			name = ShouldPopTest;
			productName = ShouldPopTest;
			productReference = 2702BA081DE15E3C00F307B0 /* ShouldPopTest.app */;
			productType = "com.apple.product-type.application";
		};
/* End PBXNativeTarget section */

/* Begin PBXProject section */
		2702BA001DE15E3C00F307B0 /* Project object */ = {
			isa = PBXProject;
			attributes = {
				LastSwiftUpdateCheck = 0810;
				LastUpgradeCheck = 0810;
				ORGANIZATIONNAME = Orologics;
				TargetAttributes = {
					2702BA071DE15E3C00F307B0 = {
						CreatedOnToolsVersion = 8.1;
						DevelopmentTeam = ZTMA3EA37W;
						ProvisioningStyle = Automatic;
					};
				};
			};
			buildConfigurationList = 2702BA031DE15E3C00F307B0 /* Build configuration list for PBXProject "ShouldPopTest" */;
			compatibilityVersion = "Xcode 3.2";
			developmentRegion = English;
			hasScannedForEncodings = 0;
			knownRegions = (
				en,
				Base,
			);
			mainGroup = 2702B9FF1DE15E3C00F307B0;
			productRefGroup = 2702BA091DE15E3C00F307B0 /* Products */;
			projectDirPath = "";
			projectRoot = "";
			targets = (
				2702BA071DE15E3C00F307B0 /* ShouldPopTest */,
			);
		};
/* End PBXProject section */

/* Begin PBXResourcesBuildPhase section */
		2702BA061DE15E3C00F307B0 /* Resources */ = {
			isa = PBXResourcesBuildPhase;
			buildActionMask = 2147483647;
			files = (
				2702BA161DE15E3C00F307B0 /* LaunchScreen.storyboard in Resources */,
				2702BA131DE15E3C00F307B0 /* Assets.xcassets in Resources */,
				2702BA111DE15E3C00F307B0 /* Main.storyboard in Resources */,
			);
			runOnlyForDeploymentPostprocessing = 0;
		};
/* End PBXResourcesBuildPhase section */

/* Begin PBXSourcesBuildPhase section */
		2702BA041DE15E3C00F307B0 /* Sources */ = {
			isa = PBXSourcesBuildPhase;
			buildActionMask = 2147483647;
			files = (
				2702BA0E1DE15E3C00F307B0 /* ViewController.swift in Sources */,
				2702BA0C1DE15E3C00F307B0 /* AppDelegate.swift in Sources */,
				2702BA241DE17F5900F307B0 /* FourViewController.swift in Sources */,
				2702BA1E1DE1607000F307B0 /* TwoViewController.swift in Sources */,
				2702BA201DE16E4800F307B0 /* NavigationControllerExtension.swift in Sources */,
				2702BA221DE1712F00F307B0 /* ThreeViewController.swift in Sources */,
			);
			runOnlyForDeploymentPostprocessing = 0;
		};
/* End PBXSourcesBuildPhase section */

/* Begin PBXVariantGroup section */
		2702BA0F1DE15E3C00F307B0 /* Main.storyboard */ = {
			isa = PBXVariantGroup;
			children = (
				2702BA101DE15E3C00F307B0 /* Base */,
			);
			name = Main.storyboard;
			sourceTree = "<group>";
		};
		2702BA141DE15E3C00F307B0 /* LaunchScreen.storyboard */ = {
			isa = PBXVariantGroup;
			children = (
				2702BA151DE15E3C00F307B0 /* Base */,
			);
			name = LaunchScreen.storyboard;
			sourceTree = "<group>";
		};
/* End PBXVariantGroup section */

/* Begin XCBuildConfiguration section */
		2702BA181DE15E3C00F307B0 /* Debug */ = {
			isa = XCBuildConfiguration;
			buildSettings = {
				ALWAYS_SEARCH_USER_PATHS = NO;
				CLANG_ANALYZER_NONNULL = YES;
				CLANG_CXX_LANGUAGE_STANDARD = "gnu++0x";
				CLANG_CXX_LIBRARY = "libc++";
				CLANG_ENABLE_MODULES = YES;
				CLANG_ENABLE_OBJC_ARC = YES;
				CLANG_WARN_BOOL_CONVERSION = YES;
				CLANG_WARN_CONSTANT_CONVERSION = YES;
				CLANG_WARN_DIRECT_OBJC_ISA_USAGE = YES_ERROR;
				CLANG_WARN_DOCUMENTATION_COMMENTS = YES;
				CLANG_WARN_EMPTY_BODY = YES;
				CLANG_WARN_ENUM_CONVERSION = YES;
				CLANG_WARN_INFINITE_RECURSION = YES;
				CLANG_WARN_INT_CONVERSION = YES;
				CLANG_WARN_OBJC_ROOT_CLASS = YES_ERROR;
				CLANG_WARN_SUSPICIOUS_MOVES = YES;
				CLANG_WARN_UNREACHABLE_CODE = YES;
				CLANG_WARN__DUPLICATE_METHOD_MATCH = YES;
				"CODE_SIGN_IDENTITY[sdk=iphoneos*]" = "iPhone Developer";
				COPY_PHASE_STRIP = NO;
				DEBUG_INFORMATION_FORMAT = dwarf;
				ENABLE_STRICT_OBJC_MSGSEND = YES;
				ENABLE_TESTABILITY = YES;
				GCC_C_LANGUAGE_STANDARD = gnu99;
				GCC_DYNAMIC_NO_PIC = NO;
				GCC_NO_COMMON_BLOCKS = YES;
				GCC_OPTIMIZATION_LEVEL = 0;
				GCC_PREPROCESSOR_DEFINITIONS = (
					"DEBUG=1",
					"$(inherited)",
				);
				GCC_WARN_64_TO_32_BIT_CONVERSION = YES;
				GCC_WARN_ABOUT_RETURN_TYPE = YES_ERROR;
				GCC_WARN_UNDECLARED_SELECTOR = YES;
				GCC_WARN_UNINITIALIZED_AUTOS = YES_AGGRESSIVE;
				GCC_WARN_UNUSED_FUNCTION = YES;
				GCC_WARN_UNUSED_VARIABLE = YES;
				IPHONEOS_DEPLOYMENT_TARGET = 10.1;
				MTL_ENABLE_DEBUG_INFO = YES;
				ONLY_ACTIVE_ARCH = YES;
				SDKROOT = iphoneos;
				SWIFT_ACTIVE_COMPILATION_CONDITIONS = DEBUG;
				SWIFT_OPTIMIZATION_LEVEL = "-Onone";
				TARGETED_DEVICE_FAMILY = "1,2";
			};
			name = Debug;
		};
		2702BA191DE15E3C00F307B0 /* Release */ = {
			isa = XCBuildConfiguration;
			buildSettings = {
				ALWAYS_SEARCH_USER_PATHS = NO;
				CLANG_ANALYZER_NONNULL = YES;
				CLANG_CXX_LANGUAGE_STANDARD = "gnu++0x";
				CLANG_CXX_LIBRARY = "libc++";
				CLANG_ENABLE_MODULES = YES;
				CLANG_ENABLE_OBJC_ARC = YES;
				CLANG_WARN_BOOL_CONVERSION = YES;
				CLANG_WARN_CONSTANT_CONVERSION = YES;
				CLANG_WARN_DIRECT_OBJC_ISA_USAGE = YES_ERROR;
				CLANG_WARN_DOCUMENTATION_COMMENTS = YES;
				CLANG_WARN_EMPTY_BODY = YES;
				CLANG_WARN_ENUM_CONVERSION = YES;
				CLANG_WARN_INFINITE_RECURSION = YES;
				CLANG_WARN_INT_CONVERSION = YES;
				CLANG_WARN_OBJC_ROOT_CLASS = YES_ERROR;
				CLANG_WARN_SUSPICIOUS_MOVES = YES;
				CLANG_WARN_UNREACHABLE_CODE = YES;
				CLANG_WARN__DUPLICATE_METHOD_MATCH = YES;
				"CODE_SIGN_IDENTITY[sdk=iphoneos*]" = "iPhone Developer";
				COPY_PHASE_STRIP = NO;
				DEBUG_INFORMATION_FORMAT = "dwarf-with-dsym";
				ENABLE_NS_ASSERTIONS = NO;
				ENABLE_STRICT_OBJC_MSGSEND = YES;
				GCC_C_LANGUAGE_STANDARD = gnu99;
				GCC_NO_COMMON_BLOCKS = YES;
				GCC_WARN_64_TO_32_BIT_CONVERSION = YES;
				GCC_WARN_ABOUT_RETURN_TYPE = YES_ERROR;
				GCC_WARN_UNDECLARED_SELECTOR = YES;
				GCC_WARN_UNINITIALIZED_AUTOS = YES_AGGRESSIVE;
				GCC_WARN_UNUSED_FUNCTION = YES;
				GCC_WARN_UNUSED_VARIABLE = YES;
				IPHONEOS_DEPLOYMENT_TARGET = 10.1;
				MTL_ENABLE_DEBUG_INFO = NO;
				SDKROOT = iphoneos;
				SWIFT_OPTIMIZATION_LEVEL = "-Owholemodule";
				TARGETED_DEVICE_FAMILY = "1,2";
				VALIDATE_PRODUCT = YES;
			};
			name = Release;
		};
		2702BA1B1DE15E3C00F307B0 /* Debug */ = {
			isa = XCBuildConfiguration;
			buildSettings = {
				ASSETCATALOG_COMPILER_APPICON_NAME = AppIcon;
				DEVELOPMENT_TEAM = ZTMA3EA37W;
				INFOPLIST_FILE = ShouldPopTest/Info.plist;
				LD_RUNPATH_SEARCH_PATHS = "$(inherited) @executable_path/Frameworks";
				PRODUCT_BUNDLE_IDENTIFIER = com.orologics.ShouldPopTest;
				PRODUCT_NAME = "$(TARGET_NAME)";
				SWIFT_VERSION = 3.0;
			};
			name = Debug;
		};
		2702BA1C1DE15E3C00F307B0 /* Release */ = {
			isa = XCBuildConfiguration;
			buildSettings = {
				ASSETCATALOG_COMPILER_APPICON_NAME = AppIcon;
				DEVELOPMENT_TEAM = ZTMA3EA37W;
				INFOPLIST_FILE = ShouldPopTest/Info.plist;
				LD_RUNPATH_SEARCH_PATHS = "$(inherited) @executable_path/Frameworks";
				PRODUCT_BUNDLE_IDENTIFIER = com.orologics.ShouldPopTest;
				PRODUCT_NAME = "$(TARGET_NAME)";
				SWIFT_VERSION = 3.0;
			};
			name = Release;
		};
/* End XCBuildConfiguration section */

/* Begin XCConfigurationList section */
		2702BA031DE15E3C00F307B0 /* Build configuration list for PBXProject "ShouldPopTest" */ = {
			isa = XCConfigurationList;
			buildConfigurations = (
				2702BA181DE15E3C00F307B0 /* Debug */,
				2702BA191DE15E3C00F307B0 /* Release */,
			);
			defaultConfigurationIsVisible = 0;
			defaultConfigurationName = Release;
		};
		2702BA1A1DE15E3C00F307B0 /* Build configuration list for PBXNativeTarget "ShouldPopTest" */ = {
			isa = XCConfigurationList;
			buildConfigurations = (
				2702BA1B1DE15E3C00F307B0 /* Debug */,
				2702BA1C1DE15E3C00F307B0 /* Release */,
			);
			defaultConfigurationIsVisible = 0;
		};
/* End XCConfigurationList section */
	};
	rootObject = 2702BA001DE15E3C00F307B0 /* Project object */;
}
